{
  "requires": true,
  "lockfileVersion": 1,
  "dependencies": {
    "@babel/runtime": {
      "version": "7.15.4",
      "resolved": "https://registry.npmjs.org/@babel/runtime/-/runtime-7.15.4.tgz",
      "integrity": "sha512-99catp6bHCaxr4sJ/DbTGgHS4+Rs2RVd2g7iOap6SLGPDknRK9ztKNsE/Fg6QhSeh1FGE5f6gHGQmvvn3I3xhw==",
      "requires": {
        "regenerator-runtime": "^0.13.4"
      }
    },
    "@fluentui/date-time-utilities": {
      "version": "8.2.2",
      "resolved": "https://registry.npmjs.org/@fluentui/date-time-utilities/-/date-time-utilities-8.2.2.tgz",
      "integrity": "sha512-djHrX/38ty+F93qLQjzmRzPzK598CW9g/RPhQH6GyrFBLPSWM1swYKB5TP6E7FrIf+fT4pVqrNUSYZhgi2rrOQ==",
      "requires": {
        "@fluentui/set-version": "^8.1.4",
        "tslib": "^2.1.0"
      }
    },
    "@fluentui/dom-utilities": {
      "version": "2.1.4",
      "resolved": "https://registry.npmjs.org/@fluentui/dom-utilities/-/dom-utilities-2.1.4.tgz",
      "integrity": "sha512-+gsAnEjgoKB37o+tsMdSLtgqZ9z2PzpvnHx/2IqhRWjQQd7Xc7MbQsbZaQ5qfkioFHLnWGc/+WORpqKPy/sWrg==",
      "requires": {
        "@fluentui/set-version": "^8.1.4",
        "tslib": "^2.1.0"
      }
    },
    "@fluentui/font-icons-mdl2": {
      "version": "8.1.13",
      "resolved": "https://registry.npmjs.org/@fluentui/font-icons-mdl2/-/font-icons-mdl2-8.1.13.tgz",
      "integrity": "sha512-dglOKGSwjzbmvmlaLcf6vJ7cxZiKbBMxqRqZz0JsneC4rnG8IUVjddIxoOC6OdV6Be7RUqY1WAa8EGyPtmS2Yg==",
      "requires": {
        "@fluentui/set-version": "^8.1.4",
        "@fluentui/style-utilities": "^8.3.3",
        "tslib": "^2.1.0"
      }
    },
    "@fluentui/foundation-legacy": {
      "version": "8.1.12",
      "resolved": "https://registry.npmjs.org/@fluentui/foundation-legacy/-/foundation-legacy-8.1.12.tgz",
      "integrity": "sha512-eSAJ0vXcS8p0jbv5I6UyMpongtRTtCvBVR4KmOvSURu5BJYm9k8zXa9/U1K+rfCwqKoa8aO2PMZa+aVJX7yHrg==",
      "requires": {
        "@fluentui/merge-styles": "^8.2.0",
        "@fluentui/set-version": "^8.1.4",
        "@fluentui/style-utilities": "^8.3.3",
        "@fluentui/utilities": "^8.3.3",
        "tslib": "^2.1.0"
      }
    },
    "@fluentui/keyboard-key": {
      "version": "0.3.4",
      "resolved": "https://registry.npmjs.org/@fluentui/keyboard-key/-/keyboard-key-0.3.4.tgz",
      "integrity": "sha512-pVY2m3IC5+LLmMzsaPApX9eKTzpOzdgQwrR3FNTE6mGx3N/+QWYM7fdF+T1ldZQt87dCRSeQnmAo5kqjtxeA/w==",
      "requires": {
        "tslib": "^2.1.0"
      }
    },
    "@fluentui/merge-styles": {
      "version": "8.2.0",
      "resolved": "https://registry.npmjs.org/@fluentui/merge-styles/-/merge-styles-8.2.0.tgz",
      "integrity": "sha512-ri8KbX8UbghpHNWdw9K1zfIAwhss5z8W142OxlQ0TPU2OzlQ6iY+7t4OzuVv+qzcizVC7iXWe7jbnFlK5dCe2A==",
      "requires": {
        "@fluentui/set-version": "^8.1.4",
        "tslib": "^2.1.0"
      }
    },
    "@fluentui/react": {
      "version": "8.36.1",
      "resolved": "https://registry.npmjs.org/@fluentui/react/-/react-8.36.1.tgz",
      "integrity": "sha512-vFiZDqhXfG3pJARDIfDVaP3Pq7YoGv0woGMO7yS0xC/1CXKqBBZVAni8pZRm3ACosYaC3PU4AKPabSXSOiOE8g==",
      "requires": {
        "@fluentui/date-time-utilities": "^8.2.2",
        "@fluentui/font-icons-mdl2": "^8.1.13",
        "@fluentui/foundation-legacy": "^8.1.12",
        "@fluentui/merge-styles": "^8.2.0",
        "@fluentui/react-focus": "^8.3.1",
        "@fluentui/react-hooks": "^8.3.3",
        "@fluentui/react-window-provider": "^2.1.4",
        "@fluentui/set-version": "^8.1.4",
        "@fluentui/style-utilities": "^8.3.3",
        "@fluentui/theme": "^2.4.0",
        "@fluentui/utilities": "^8.3.3",
        "@microsoft/load-themed-styles": "^1.10.26",
        "tslib": "^2.1.0"
      }
    },
    "@fluentui/react-focus": {
      "version": "8.3.1",
      "resolved": "https://registry.npmjs.org/@fluentui/react-focus/-/react-focus-8.3.1.tgz",
      "integrity": "sha512-RQA2npNgNI5f26GaSJZuLfkyh7u5tAQpBhXmP8wkFAIvucjg5SSceyvzdmqpWJpsHY4wndlxfMUILihSd3Rc1g==",
      "requires": {
        "@fluentui/keyboard-key": "^0.3.4",
        "@fluentui/merge-styles": "^8.2.0",
        "@fluentui/set-version": "^8.1.4",
        "@fluentui/style-utilities": "^8.3.3",
        "@fluentui/utilities": "^8.3.3",
        "tslib": "^2.1.0"
      }
    },
    "@fluentui/react-hooks": {
      "version": "8.3.3",
      "resolved": "https://registry.npmjs.org/@fluentui/react-hooks/-/react-hooks-8.3.3.tgz",
      "integrity": "sha512-g5goT9mo4D+ssY4wimJByQnKnixgRtCVPbmQ+kR6QY9x0J2ZDXvlpkrc87yM38pl/Kr5xSu0QRDRSvI+oACOlw==",
      "requires": {
        "@fluentui/react-window-provider": "^2.1.4",
        "@fluentui/set-version": "^8.1.4",
        "@fluentui/utilities": "^8.3.3",
        "tslib": "^2.1.0"
      }
    },
    "@fluentui/react-window-provider": {
      "version": "2.1.4",
      "resolved": "https://registry.npmjs.org/@fluentui/react-window-provider/-/react-window-provider-2.1.4.tgz",
      "integrity": "sha512-RztmJ7ol2eMDr3NCs2OcAA1cQjZdPPUEa4aurgh4Aq+JM/BiY0aK6S4SeFtVD7F8Q7PBOz/xwOG4HlnSMQtlsg==",
      "requires": {
        "@fluentui/set-version": "^8.1.4",
        "tslib": "^2.1.0"
      }
    },
    "@fluentui/set-version": {
      "version": "8.1.4",
      "resolved": "https://registry.npmjs.org/@fluentui/set-version/-/set-version-8.1.4.tgz",
      "integrity": "sha512-2otMyJ+s+W+hjBD4BKjwYKKinJUDeIKYKz93qKrrJS0i3fKfftNroy9dHFlIblZ7n747L334plLi3bzQO1bnvA==",
      "requires": {
        "tslib": "^2.1.0"
      }
    },
    "@fluentui/style-utilities": {
      "version": "8.3.3",
      "resolved": "https://registry.npmjs.org/@fluentui/style-utilities/-/style-utilities-8.3.3.tgz",
      "integrity": "sha512-axnuPrZygnLniUugcrghXS2KFkvigqgIbLoUk3HehN2adwCOQetI80p76qCL9yb+Us3TUmuN6CH/tf4y1C6RVw==",
      "requires": {
        "@fluentui/merge-styles": "^8.2.0",
        "@fluentui/set-version": "^8.1.4",
        "@fluentui/theme": "^2.4.0",
        "@fluentui/utilities": "^8.3.3",
        "@microsoft/load-themed-styles": "^1.10.26",
        "tslib": "^2.1.0"
      }
    },
    "@fluentui/theme": {
      "version": "2.4.0",
      "resolved": "https://registry.npmjs.org/@fluentui/theme/-/theme-2.4.0.tgz",
      "integrity": "sha512-fam2fZdMRK9EkxDEeScHzgo9DhP4UUFtfgfEi5B8A0K5WIto2jJR10GMr4qq3qa73A8U0WpMptgv57PsM1orgg==",
      "requires": {
        "@fluentui/merge-styles": "^8.2.0",
        "@fluentui/set-version": "^8.1.4",
        "@fluentui/utilities": "^8.3.3",
        "tslib": "^2.1.0"
      }
    },
    "@fluentui/utilities": {
      "version": "8.3.3",
      "resolved": "https://registry.npmjs.org/@fluentui/utilities/-/utilities-8.3.3.tgz",
      "integrity": "sha512-higuyXu/YMkCVKJQcKSrWDdSV/y9fDIrQMulZbTUXpEh5qnQ6L7ZMCo6MbT88mzyinIUqXZdKgii635Q4XAdZQ==",
      "requires": {
        "@fluentui/dom-utilities": "^2.1.4",
        "@fluentui/merge-styles": "^8.2.0",
        "@fluentui/set-version": "^8.1.4",
        "tslib": "^2.1.0"
      }
    },
    "@microsoft/load-themed-styles": {
      "version": "1.10.216",
      "resolved": "https://registry.npmjs.org/@microsoft/load-themed-styles/-/load-themed-styles-1.10.216.tgz",
      "integrity": "sha512-JHJwWWY3J1vKDMRREIm2U8JB5sgpGPqlF6Kf7Sjl2I8f0AeLFt43+fdPDm77sNyt5sVB1yp9hiV45i5K4s6Yag=="
    },
    "@types/hoist-non-react-statics": {
      "version": "3.3.1",
      "resolved": "https://registry.npmjs.org/@types/hoist-non-react-statics/-/hoist-non-react-statics-3.3.1.tgz",
      "integrity": "sha512-iMIqiko6ooLrTh1joXodJK5X9xeEALT1kM5G3ZLhD3hszxBdIEd5C75U834D9mLcINgD4OyZf5uQXjkuYydWvA==",
      "requires": {
        "@types/react": "*",
        "hoist-non-react-statics": "^3.3.0"
      }
    },
    "@types/prop-types": {
      "version": "15.7.4",
      "resolved": "https://registry.npmjs.org/@types/prop-types/-/prop-types-15.7.4.tgz",
      "integrity": "sha512-rZ5drC/jWjrArrS8BR6SIr4cWpW09RNTYt9AMZo3Jwwif+iacXAqgVjm0B0Bv/S1jhDXKHqRVNCbACkJ89RAnQ=="
    },
    "@types/react": {
      "version": "17.0.27",
      "resolved": "https://registry.npmjs.org/@types/react/-/react-17.0.27.tgz",
      "integrity": "sha512-zgiJwtsggVGtr53MndV7jfiUESTqrbxOcBvwfe6KS/9bzaVPCTDieTWnFNecVNx6EAaapg5xsLLWFfHHR437AA==",
      "requires": {
        "@types/prop-types": "*",
        "@types/scheduler": "*",
        "csstype": "^3.0.2"
      }
    },
    "@types/react-redux": {
      "version": "7.1.19",
      "resolved": "https://registry.npmjs.org/@types/react-redux/-/react-redux-7.1.19.tgz",
      "integrity": "sha512-L37dSCT0aoJnCgpR8Iuginlbxoh7qhWOXiaDqEsxVMrER1CmVhFD+63NxgJeT4pkmEM28oX0NH4S4f+sXHTZjA==",
      "requires": {
        "@types/hoist-non-react-statics": "^3.3.0",
        "@types/react": "*",
        "hoist-non-react-statics": "^3.3.0",
        "redux": "^4.0.0"
      }
    },
    "@types/scheduler": {
      "version": "0.16.2",
      "resolved": "https://registry.npmjs.org/@types/scheduler/-/scheduler-0.16.2.tgz",
      "integrity": "sha512-hppQEBDmlwhFAXKJX2KnWLYu5yMfi91yazPb2l+lbJiwW+wdo1gNeRA+3RgNSO39WYX2euey41KEwnqesU2Jew=="
    },
    "csstype": {
      "version": "3.0.9",
      "resolved": "https://registry.npmjs.org/csstype/-/csstype-3.0.9.tgz",
      "integrity": "sha512-rpw6JPxK6Rfg1zLOYCSwle2GFOOsnjmDYDaBwEcwoOg4qlsIVCN789VkBZDJAGi4T07gI4YSutR43t9Zz4Lzuw=="
    },
    "emailjs-com": {
      "version": "3.2.0",
      "resolved": "https://registry.npmjs.org/emailjs-com/-/emailjs-com-3.2.0.tgz",
      "integrity": "sha512-Prbz3E1usiAwGjMNYRv6EsJ5c373cX7/AGnZQwOfrpNJrygQJ15+E9OOq4pU8yC977Z5xMetRfc3WmDX6RcjAA=="
    },
    "hoist-non-react-statics": {
      "version": "3.3.2",
      "resolved": "https://registry.npmjs.org/hoist-non-react-statics/-/hoist-non-react-statics-3.3.2.tgz",
      "integrity": "sha512-/gGivxi8JPKWNm/W0jSmzcMPpfpPLc3dY/6GxhX2hQ9iGj3aDfklV4ET7NjKpSinLpJ5vafa9iiGIEZg10SfBw==",
      "requires": {
        "react-is": "^16.7.0"
      }
    },
    "js-tokens": {
      "version": "4.0.0",
      "resolved": "https://registry.npmjs.org/js-tokens/-/js-tokens-4.0.0.tgz",
      "integrity": "sha512-RdJUflcE3cUzKiMqQgsCu06FPu9UdIJO0beYbPhHN4k6apgJtifcoCtT9bcxOpYBtpD2kCM6Sbzg4CausW/PKQ=="
    },
    "loose-envify": {
      "version": "1.4.0",
      "resolved": "https://registry.npmjs.org/loose-envify/-/loose-envify-1.4.0.tgz",
      "integrity": "sha512-lyuxPGr/Wfhrlem2CL/UcnUc1zcqKAImBDzukY7Y5F/yQiNdko6+fRLevlw1HgMySw7f611UIY408EtxRSoK3Q==",
      "requires": {
        "js-tokens": "^3.0.0 || ^4.0.0"
      }
    },
    "nodemailer": {
      "version": "6.6.5",
      "resolved": "https://registry.npmjs.org/nodemailer/-/nodemailer-6.6.5.tgz",
      "integrity": "sha512-C/v856DBijUzHcHIgGpQoTrfsH3suKIRAGliIzCstatM2cAa+MYX3LuyCrABiO/cdJTxgBBHXxV1ztiqUwst5A=="
    },
    "object-assign": {
      "version": "4.1.1",
      "resolved": "https://registry.npmjs.org/object-assign/-/object-assign-4.1.1.tgz",
      "integrity": "sha1-IQmtx5ZYh8/AXLvUQsrIv7s2CGM="
    },
    "prop-types": {
      "version": "15.7.2",
      "resolved": "https://registry.npmjs.org/prop-types/-/prop-types-15.7.2.tgz",
      "integrity": "sha512-8QQikdH7//R2vurIJSutZ1smHYTcLpRWEOlHnzcWHmBYrOGUysKwSsrC89BCiFj3CbrfJ/nXFdJepOVrY1GCHQ==",
      "requires": {
        "loose-envify": "^1.4.0",
        "object-assign": "^4.1.1",
        "react-is": "^16.8.1"
      }
    },
    "react-is": {
      "version": "16.13.1",
      "resolved": "https://registry.npmjs.org/react-is/-/react-is-16.13.1.tgz",
      "integrity": "sha512-24e6ynE2H+OKt4kqsOvNd8kBpV65zoxbA4BVsEOB3ARVWQki/DHzaUoC5KuON/BiccDaCCTZBuOcfZs70kR8bQ=="
    },
    "react-redux": {
      "version": "7.2.5",
      "resolved": "https://registry.npmjs.org/react-redux/-/react-redux-7.2.5.tgz",
      "integrity": "sha512-Dt29bNyBsbQaysp6s/dN0gUodcq+dVKKER8Qv82UrpeygwYeX1raTtil7O/fftw/rFqzaf6gJhDZRkkZnn6bjg==",
      "requires": {
        "@babel/runtime": "^7.12.1",
        "@types/react-redux": "^7.1.16",
        "hoist-non-react-statics": "^3.3.2",
        "loose-envify": "^1.4.0",
        "prop-types": "^15.7.2",
        "react-is": "^16.13.1"
      }
    },
    "redux": {
      "version": "4.1.1",
      "resolved": "https://registry.npmjs.org/redux/-/redux-4.1.1.tgz",
      "integrity": "sha512-hZQZdDEM25UY2P493kPYuKqviVwZ58lEmGQNeQ+gXa+U0gYPUBf7NKYazbe3m+bs/DzM/ahN12DbF+NG8i0CWw==",
      "requires": {
        "@babel/runtime": "^7.9.2"
      }
    },
    "regenerator-runtime": {
      "version": "0.13.9",
      "resolved": "https://registry.npmjs.org/regenerator-runtime/-/regenerator-runtime-0.13.9.tgz",
      "integrity": "sha512-p3VT+cOEgxFsRRA9X4lkI1E+k2/CtnKtU4gcxyaCUreilL/vqI6CdZ3wxVUx3UOUg+gnUOQQcRI7BmSI656MYA=="
    },
    "tslib": {
      "version": "2.3.1",
      "resolved": "https://registry.npmjs.org/tslib/-/tslib-2.3.1.tgz",
      "integrity": "sha512-77EbyPPpMz+FRFRuAFlWMtmgUWGe9UOG2Z25NqCwiIjRhOf5iKGuzSe5P2w1laq+FkRy4p+PCuVkJSGkzTEKVw=="
    }
  }
}
